
Microsoft Visual Studio Solution File, Format Version 12.00
# Visual Studio Version 17
VisualStudioVersion = 17.11.35222.181
MinimumVisualStudioVersion = 10.0.40219.1
Project("{FAE04EC0-301F-11D3-BF4B-00C04F79EFBC}") = "Area_e_Perimetro", "Area_e_Perimetro.csproj", "{66C4206E-A578-48F7-A8AB-DCA5721631CB}"
EndProject
Global
	GlobalSection(SolutionConfigurationPlatforms) = preSolution
		Debug|Any CPU = Debug|Any CPU
		Release|Any CPU = Release|Any CPU
	EndGlobalSection
	GlobalSection(ProjectConfigurationPlatforms) = postSolution
		{66C4206E-A578-48F7-A8AB-DCA5721631CB}.Debug|Any CPU.ActiveCfg = Debug|Any CPU
		{66C4206E-A578-48F7-A8AB-DCA5721631CB}.Debug|Any CPU.Build.0 = Debug|Any CPU
		{66C4206E-A578-48F7-A8AB-DCA5721631CB}.Release|Any CPU.ActiveCfg = Release|Any CPU
		{66C4206E-A578-48F7-A8AB-DCA5721631CB}.Release|Any CPU.Build.0 = Release|Any CPU
	EndGlobalSection
	GlobalSection(SolutionProperties) = preSolution
		HideSolutionNode = FALSE
	EndGlobalSection
	GlobalSection(ExtensibilityGlobals) = postSolution
		SolutionGuid = {BD265D08-46ED-4F26-8BE9-766E0510DE02}
	EndGlobalSection
EndGlobal
